// !$*UTF8*$!
{
	archiveVersion = 1;
	classes = {
	};
	objectVersion = 56;
	objects = {

/* Begin PBXBuildFile section */
		205038082BA38FCE008B69B4 /* ScannerViewModel.swift in Sources */ = {isa = PBXBuildFile; fileRef = 205038072BA38FCE008B69B4 /* ScannerViewModel.swift */; };
		20917E582BB72613001F4ADC /* PrinterViewModel.swift in Sources */ = {isa = PBXBuildFile; fileRef = 20917E572BB72613001F4ADC /* PrinterViewModel.swift */; };
		20B1E4952BA1BB0500DBA0C4 /* SettingsView.swift in Sources */ = {isa = PBXBuildFile; fileRef = 20B1E4942BA1BB0500DBA0C4 /* SettingsView.swift */; };
		20E9F8A72BA0B4C9001A8785 /* PrinterAppApp.swift in Sources */ = {isa = PBXBuildFile; fileRef = 20E9F8A62BA0B4C9001A8785 /* PrinterAppApp.swift */; };
		20E9F8A92BA0B4C9001A8785 /* ContentView.swift in Sources */ = {isa = PBXBuildFile; fileRef = 20E9F8A82BA0B4C9001A8785 /* ContentView.swift */; };
		20E9F8AB2BA0B4CB001A8785 /* Assets.xcassets in Resources */ = {isa = PBXBuildFile; fileRef = 20E9F8AA2BA0B4CB001A8785 /* Assets.xcassets */; };
		20E9F8AE2BA0B4CB001A8785 /* Preview Assets.xcassets in Resources */ = {isa = PBXBuildFile; fileRef = 20E9F8AD2BA0B4CB001A8785 /* Preview Assets.xcassets */; };
		20E9F8B52BA0B4EC001A8785 /* HomeView.swift in Sources */ = {isa = PBXBuildFile; fileRef = 20E9F8B42BA0B4EC001A8785 /* HomeView.swift */; };
		20F5A7812BB55EEF00DB65C2 /* ProView.swift in Sources */ = {isa = PBXBuildFile; fileRef = 20F5A7802BB55EEF00DB65C2 /* ProView.swift */; };
		20FAAB532BB778D9008B4EFA /* ImagePicker + UIKit.swift in Sources */ = {isa = PBXBuildFile; fileRef = 20FAAB522BB778D9008B4EFA /* ImagePicker + UIKit.swift */; };
		20FAAB552BB9EBD9008B4EFA /* TakePhotoViewModel.swift in Sources */ = {isa = PBXBuildFile; fileRef = 20FAAB542BB9EBD9008B4EFA /* TakePhotoViewModel.swift */; };
/* End PBXBuildFile section */

/* Begin PBXFileReference section */
		202D36A12BB2DEB200755462 /* Info.plist */ = {isa = PBXFileReference; lastKnownFileType = text.plist; path = Info.plist; sourceTree = "<group>"; };
		205038072BA38FCE008B69B4 /* ScannerViewModel.swift */ = {isa = PBXFileReference; lastKnownFileType = sourcecode.swift; path = ScannerViewModel.swift; sourceTree = "<group>"; };
		20917E562BB718E5001F4ADC /* PrinterApp.entitlements */ = {isa = PBXFileReference; lastKnownFileType = text.plist.entitlements; path = PrinterApp.entitlements; sourceTree = "<group>"; };
		20917E572BB72613001F4ADC /* PrinterViewModel.swift */ = {isa = PBXFileReference; lastKnownFileType = sourcecode.swift; path = PrinterViewModel.swift; sourceTree = "<group>"; };
		20B1E4942BA1BB0500DBA0C4 /* SettingsView.swift */ = {isa = PBXFileReference; lastKnownFileType = sourcecode.swift; path = SettingsView.swift; sourceTree = "<group>"; };
		20E9F8A32BA0B4C9001A8785 /* PrinterApp.app */ = {isa = PBXFileReference; explicitFileType = wrapper.application; includeInIndex = 0; path = PrinterApp.app; sourceTree = BUILT_PRODUCTS_DIR; };
		20E9F8A62BA0B4C9001A8785 /* PrinterAppApp.swift */ = {isa = PBXFileReference; lastKnownFileType = sourcecode.swift; path = PrinterAppApp.swift; sourceTree = "<group>"; };
		20E9F8A82BA0B4C9001A8785 /* ContentView.swift */ = {isa = PBXFileReference; lastKnownFileType = sourcecode.swift; path = ContentView.swift; sourceTree = "<group>"; };
		20E9F8AA2BA0B4CB001A8785 /* Assets.xcassets */ = {isa = PBXFileReference; lastKnownFileType = folder.assetcatalog; path = Assets.xcassets; sourceTree = "<group>"; };
		20E9F8AD2BA0B4CB001A8785 /* Preview Assets.xcassets */ = {isa = PBXFileReference; lastKnownFileType = folder.assetcatalog; path = "Preview Assets.xcassets"; sourceTree = "<group>"; };
		20E9F8B42BA0B4EC001A8785 /* HomeView.swift */ = {isa = PBXFileReference; lastKnownFileType = sourcecode.swift; path = HomeView.swift; sourceTree = "<group>"; };
		20F5A7802BB55EEF00DB65C2 /* ProView.swift */ = {isa = PBXFileReference; lastKnownFileType = sourcecode.swift; path = ProView.swift; sourceTree = "<group>"; };
		20FAAB522BB778D9008B4EFA /* ImagePicker + UIKit.swift */ = {isa = PBXFileReference; fileEncoding = 4; lastKnownFileType = sourcecode.swift; path = "ImagePicker + UIKit.swift"; sourceTree = "<group>"; };
		20FAAB542BB9EBD9008B4EFA /* TakePhotoViewModel.swift */ = {isa = PBXFileReference; lastKnownFileType = sourcecode.swift; path = TakePhotoViewModel.swift; sourceTree = "<group>"; };
/* End PBXFileReference section */

/* Begin PBXFrameworksBuildPhase section */
		20E9F8A02BA0B4C9001A8785 /* Frameworks */ = {
			isa = PBXFrameworksBuildPhase;
			buildActionMask = 2147483647;
			files = (
			);
			runOnlyForDeploymentPostprocessing = 0;
		};
/* End PBXFrameworksBuildPhase section */

/* Begin PBXGroup section */
		205038062BA38FB4008B69B4 /* ViewModels */ = {
			isa = PBXGroup;
			children = (
				205038072BA38FCE008B69B4 /* ScannerViewModel.swift */,
				20917E572BB72613001F4ADC /* PrinterViewModel.swift */,
				20FAAB542BB9EBD9008B4EFA /* TakePhotoViewModel.swift */,
			);
			path = ViewModels;
			sourceTree = "<group>";
		};
		2087977F2BA6495900436F16 /* Tabs */ = {
			isa = PBXGroup;
			children = (
				20B1E4942BA1BB0500DBA0C4 /* SettingsView.swift */,
				20E9F8B42BA0B4EC001A8785 /* HomeView.swift */,
			);
			path = Tabs;
			sourceTree = "<group>";
		};
		20B1E4982BA1C39D00DBA0C4 /* Views */ = {
			isa = PBXGroup;
			children = (
				20FAAB522BB778D9008B4EFA /* ImagePicker + UIKit.swift */,
				20F5A7802BB55EEF00DB65C2 /* ProView.swift */,
				2087977F2BA6495900436F16 /* Tabs */,
			);
			path = Views;
			sourceTree = "<group>";
		};
		20E9F89A2BA0B4C9001A8785 = {
			isa = PBXGroup;
			children = (
				20E9F8A52BA0B4C9001A8785 /* PrinterApp */,
				20E9F8A42BA0B4C9001A8785 /* Products */,
			);
			sourceTree = "<group>";
		};
		20E9F8A42BA0B4C9001A8785 /* Products */ = {
			isa = PBXGroup;
			children = (
				20E9F8A32BA0B4C9001A8785 /* PrinterApp.app */,
			);
			name = Products;
			sourceTree = "<group>";
		};
		20E9F8A52BA0B4C9001A8785 /* PrinterApp */ = {
			isa = PBXGroup;
			children = (
				20917E562BB718E5001F4ADC /* PrinterApp.entitlements */,
				202D36A12BB2DEB200755462 /* Info.plist */,
				205038062BA38FB4008B69B4 /* ViewModels */,
				20B1E4982BA1C39D00DBA0C4 /* Views */,
				20E9F8A62BA0B4C9001A8785 /* PrinterAppApp.swift */,
				20E9F8A82BA0B4C9001A8785 /* ContentView.swift */,
				20E9F8AA2BA0B4CB001A8785 /* Assets.xcassets */,
				20E9F8AC2BA0B4CB001A8785 /* Preview Content */,
			);
			path = PrinterApp;
			sourceTree = "<group>";
		};
		20E9F8AC2BA0B4CB001A8785 /* Preview Content */ = {
			isa = PBXGroup;
			children = (
				20E9F8AD2BA0B4CB001A8785 /* Preview Assets.xcassets */,
			);
			path = "Preview Content";
			sourceTree = "<group>";
		};
/* End PBXGroup section */

/* Begin PBXNativeTarget section */
		20E9F8A22BA0B4C9001A8785 /* PrinterApp */ = {
			isa = PBXNativeTarget;
			buildConfigurationList = 20E9F8B12BA0B4CB001A8785 /* Build configuration list for PBXNativeTarget "PrinterApp" */;
			buildPhases = (
				20E9F89F2BA0B4C9001A8785 /* Sources */,
				20E9F8A02BA0B4C9001A8785 /* Frameworks */,
				20E9F8A12BA0B4C9001A8785 /* Resources */,
			);
			buildRules = (
			);
			dependencies = (
			);
			name = PrinterApp;
			packageProductDependencies = (
			);
			productName = PrinterApp;
			productReference = 20E9F8A32BA0B4C9001A8785 /* PrinterApp.app */;
			productType = "com.apple.product-type.application";
		};
/* End PBXNativeTarget section */

/* Begin PBXProject section */
		20E9F89B2BA0B4C9001A8785 /* Project object */ = {
			isa = PBXProject;
			attributes = {
				BuildIndependentTargetsInParallel = 1;
				LastSwiftUpdateCheck = 1500;
				LastUpgradeCheck = 1500;
				TargetAttributes = {
					20E9F8A22BA0B4C9001A8785 = {
						CreatedOnToolsVersion = 15.0.1;
					};
				};
			};
			buildConfigurationList = 20E9F89E2BA0B4C9001A8785 /* Build configuration list for PBXProject "PrinterApp" */;
			compatibilityVersion = "Xcode 14.0";
			developmentRegion = en;
			hasScannedForEncodings = 0;
			knownRegions = (
				en,
				Base,
			);
			mainGroup = 20E9F89A2BA0B4C9001A8785;
			packageReferences = (
			);
			productRefGroup = 20E9F8A42BA0B4C9001A8785 /* Products */;
			projectDirPath = "";
			projectRoot = "";
			targets = (
				20E9F8A22BA0B4C9001A8785 /* PrinterApp */,
			);
		};
/* End PBXProject section */

/* Begin PBXResourcesBuildPhase section */
		20E9F8A12BA0B4C9001A8785 /* Resources */ = {
			isa = PBXResourcesBuildPhase;
			buildActionMask = 2147483647;
			files = (
				20E9F8AE2BA0B4CB001A8785 /* Preview Assets.xcassets in Resources */,
				20E9F8AB2BA0B4CB001A8785 /* Assets.xcassets in Resources */,
			);
			runOnlyForDeploymentPostprocessing = 0;
		};
/* End PBXResourcesBuildPhase section */

/* Begin PBXSourcesBuildPhase section */
		20E9F89F2BA0B4C9001A8785 /* Sources */ = {
			isa = PBXSourcesBuildPhase;
			buildActionMask = 2147483647;
			files = (
				20E9F8B52BA0B4EC001A8785 /* HomeView.swift in Sources */,
				20917E582BB72613001F4ADC /* PrinterViewModel.swift in Sources */,
				205038082BA38FCE008B69B4 /* ScannerViewModel.swift in Sources */,
				20F5A7812BB55EEF00DB65C2 /* ProView.swift in Sources */,
				20B1E4952BA1BB0500DBA0C4 /* SettingsView.swift in Sources */,
				20E9F8A92BA0B4C9001A8785 /* ContentView.swift in Sources */,
				20FAAB532BB778D9008B4EFA /* ImagePicker + UIKit.swift in Sources */,
				20FAAB552BB9EBD9008B4EFA /* TakePhotoViewModel.swift in Sources */,
				20E9F8A72BA0B4C9001A8785 /* PrinterAppApp.swift in Sources */,
			);
			runOnlyForDeploymentPostprocessing = 0;
		};
/* End PBXSourcesBuildPhase section */

/* Begin XCBuildConfiguration section */
		20E9F8AF2BA0B4CB001A8785 /* Debug */ = {
			isa = XCBuildConfiguration;
			buildSettings = {
				ALWAYS_SEARCH_USER_PATHS = NO;
				ASSETCATALOG_COMPILER_GENERATE_SWIFT_ASSET_SYMBOL_EXTENSIONS = YES;
				CLANG_ANALYZER_NONNULL = YES;
				CLANG_ANALYZER_NUMBER_OBJECT_CONVERSION = YES_AGGRESSIVE;
				CLANG_CXX_LANGUAGE_STANDARD = "gnu++20";
				CLANG_ENABLE_MODULES = YES;
				CLANG_ENABLE_OBJC_ARC = YES;
				CLANG_ENABLE_OBJC_WEAK = YES;
				CLANG_WARN_BLOCK_CAPTURE_AUTORELEASING = YES;
				CLANG_WARN_BOOL_CONVERSION = YES;
				CLANG_WARN_COMMA = YES;
				CLANG_WARN_CONSTANT_CONVERSION = YES;
				CLANG_WARN_DEPRECATED_OBJC_IMPLEMENTATIONS = YES;
				CLANG_WARN_DIRECT_OBJC_ISA_USAGE = YES_ERROR;
				CLANG_WARN_DOCUMENTATION_COMMENTS = YES;
				CLANG_WARN_EMPTY_BODY = YES;
				CLANG_WARN_ENUM_CONVERSION = YES;
				CLANG_WARN_INFINITE_RECURSION = YES;
				CLANG_WARN_INT_CONVERSION = YES;
				CLANG_WARN_NON_LITERAL_NULL_CONVERSION = YES;
				CLANG_WARN_OBJC_IMPLICIT_RETAIN_SELF = YES;
				CLANG_WARN_OBJC_LITERAL_CONVERSION = YES;
				CLANG_WARN_OBJC_ROOT_CLASS = YES_ERROR;
				CLANG_WARN_QUOTED_INCLUDE_IN_FRAMEWORK_HEADER = YES;
				CLANG_WARN_RANGE_LOOP_ANALYSIS = YES;
				CLANG_WARN_STRICT_PROTOTYPES = YES;
				CLANG_WARN_SUSPICIOUS_MOVE = YES;
				CLANG_WARN_UNGUARDED_AVAILABILITY = YES_AGGRESSIVE;
				CLANG_WARN_UNREACHABLE_CODE = YES;
				CLANG_WARN__DUPLICATE_METHOD_MATCH = YES;
				COPY_PHASE_STRIP = NO;
				DEBUG_INFORMATION_FORMAT = dwarf;
				ENABLE_STRICT_OBJC_MSGSEND = YES;
				ENABLE_TESTABILITY = YES;
				ENABLE_USER_SCRIPT_SANDBOXING = YES;
				GCC_C_LANGUAGE_STANDARD = gnu17;
				GCC_DYNAMIC_NO_PIC = NO;
				GCC_NO_COMMON_BLOCKS = YES;
				GCC_OPTIMIZATION_LEVEL = 0;
				GCC_PREPROCESSOR_DEFINITIONS = (
					"DEBUG=1",
					"$(inherited)",
				);
				GCC_WARN_64_TO_32_BIT_CONVERSION = YES;
				GCC_WARN_ABOUT_RETURN_TYPE = YES_ERROR;
				GCC_WARN_UNDECLARED_SELECTOR = YES;
				GCC_WARN_UNINITIALIZED_AUTOS = YES_AGGRESSIVE;
				GCC_WARN_UNUSED_FUNCTION = YES;
				GCC_WARN_UNUSED_VARIABLE = YES;
				IPHONEOS_DEPLOYMENT_TARGET = 17.0;
				LOCALIZATION_PREFERS_STRING_CATALOGS = YES;
				MTL_ENABLE_DEBUG_INFO = INCLUDE_SOURCE;
				MTL_FAST_MATH = YES;
				ONLY_ACTIVE_ARCH = YES;
				SDKROOT = iphoneos;
				SWIFT_ACTIVE_COMPILATION_CONDITIONS = "DEBUG $(inherited)";
				SWIFT_OPTIMIZATION_LEVEL = "-Onone";
			};
			name = Debug;
		};
		20E9F8B02BA0B4CB001A8785 /* Release */ = {
			isa = XCBuildConfiguration;
			buildSettings = {
				ALWAYS_SEARCH_USER_PATHS = NO;
				ASSETCATALOG_COMPILER_GENERATE_SWIFT_ASSET_SYMBOL_EXTENSIONS = YES;
				CLANG_ANALYZER_NONNULL = YES;
				CLANG_ANALYZER_NUMBER_OBJECT_CONVERSION = YES_AGGRESSIVE;
				CLANG_CXX_LANGUAGE_STANDARD = "gnu++20";
				CLANG_ENABLE_MODULES = YES;
				CLANG_ENABLE_OBJC_ARC = YES;
				CLANG_ENABLE_OBJC_WEAK = YES;
				CLANG_WARN_BLOCK_CAPTURE_AUTORELEASING = YES;
				CLANG_WARN_BOOL_CONVERSION = YES;
				CLANG_WARN_COMMA = YES;
				CLANG_WARN_CONSTANT_CONVERSION = YES;
				CLANG_WARN_DEPRECATED_OBJC_IMPLEMENTATIONS = YES;
				CLANG_WARN_DIRECT_OBJC_ISA_USAGE = YES_ERROR;
				CLANG_WARN_DOCUMENTATION_COMMENTS = YES;
				CLANG_WARN_EMPTY_BODY = YES;
				CLANG_WARN_ENUM_CONVERSION = YES;
				CLANG_WARN_INFINITE_RECURSION = YES;
				CLANG_WARN_INT_CONVERSION = YES;
				CLANG_WARN_NON_LITERAL_NULL_CONVERSION = YES;
				CLANG_WARN_OBJC_IMPLICIT_RETAIN_SELF = YES;
				CLANG_WARN_OBJC_LITERAL_CONVERSION = YES;
				CLANG_WARN_OBJC_ROOT_CLASS = YES_ERROR;
				CLANG_WARN_QUOTED_INCLUDE_IN_FRAMEWORK_HEADER = YES;
				CLANG_WARN_RANGE_LOOP_ANALYSIS = YES;
				CLANG_WARN_STRICT_PROTOTYPES = YES;
				CLANG_WARN_SUSPICIOUS_MOVE = YES;
				CLANG_WARN_UNGUARDED_AVAILABILITY = YES_AGGRESSIVE;
				CLANG_WARN_UNREACHABLE_CODE = YES;
				CLANG_WARN__DUPLICATE_METHOD_MATCH = YES;
				COPY_PHASE_STRIP = NO;
				DEBUG_INFORMATION_FORMAT = "dwarf-with-dsym";
				ENABLE_NS_ASSERTIONS = NO;
				ENABLE_STRICT_OBJC_MSGSEND = YES;
				ENABLE_USER_SCRIPT_SANDBOXING = YES;
				GCC_C_LANGUAGE_STANDARD = gnu17;
				GCC_NO_COMMON_BLOCKS = YES;
				GCC_WARN_64_TO_32_BIT_CONVERSION = YES;
				GCC_WARN_ABOUT_RETURN_TYPE = YES_ERROR;
				GCC_WARN_UNDECLARED_SELECTOR = YES;
				GCC_WARN_UNINITIALIZED_AUTOS = YES_AGGRESSIVE;
				GCC_WARN_UNUSED_FUNCTION = YES;
				GCC_WARN_UNUSED_VARIABLE = YES;
				IPHONEOS_DEPLOYMENT_TARGET = 17.0;
				LOCALIZATION_PREFERS_STRING_CATALOGS = YES;
				MTL_ENABLE_DEBUG_INFO = NO;
				MTL_FAST_MATH = YES;
				SDKROOT = iphoneos;
				SWIFT_COMPILATION_MODE = wholemodule;
				VALIDATE_PRODUCT = YES;
			};
			name = Release;
		};
		20E9F8B22BA0B4CB001A8785 /* Debug */ = {
			isa = XCBuildConfiguration;
			buildSettings = {
				ASSETCATALOG_COMPILER_APPICON_NAME = AppIcon;
				ASSETCATALOG_COMPILER_GLOBAL_ACCENT_COLOR_NAME = AccentColor;
				CODE_SIGN_ENTITLEMENTS = PrinterApp/PrinterApp.entitlements;
				CODE_SIGN_STYLE = Automatic;
				CURRENT_PROJECT_VERSION = 1;
				DEVELOPMENT_ASSET_PATHS = "\"PrinterApp/Preview Content\"";
				DEVELOPMENT_TEAM = 794A7PJ53M;
				ENABLE_PREVIEWS = YES;
				GENERATE_INFOPLIST_FILE = YES;
				INFOPLIST_FILE = PrinterApp/Info.plist;
				INFOPLIST_KEY_LSApplicationCategoryType = "";
				INFOPLIST_KEY_NSCameraUsageDescription = "The app needs camera access to skan ";
				INFOPLIST_KEY_NSFileProviderDomainUsageDescription = cfccf;
				INFOPLIST_KEY_NSFileProviderPresenceUsageDescription = "The app needs acess to choode files";
				INFOPLIST_KEY_NSPhotoLibraryUsageDescription = "Give access to photo library";
				INFOPLIST_KEY_UIApplicationSceneManifest_Generation = YES;
				INFOPLIST_KEY_UIApplicationSupportsIndirectInputEvents = YES;
				INFOPLIST_KEY_UILaunchScreen_Generation = YES;
				INFOPLIST_KEY_UISupportedInterfaceOrientations = UIInterfaceOrientationPortrait;
				LD_RUNPATH_SEARCH_PATHS = (
					"$(inherited)",
					"@executable_path/Frameworks",
				);
				MARKETING_VERSION = 1.0;
				PRODUCT_BUNDLE_IDENTIFIER = ua.PrinterApp;
				PRODUCT_NAME = "$(TARGET_NAME)";
				SWIFT_EMIT_LOC_STRINGS = YES;
				SWIFT_VERSION = 5.0;
				TARGETED_DEVICE_FAMILY = "1,2";
			};
			name = Debug;
		};
		20E9F8B32BA0B4CB001A8785 /* Release */ = {
			isa = XCBuildConfiguration;
			buildSettings = {
				ASSETCATALOG_COMPILER_APPICON_NAME = AppIcon;
				ASSETCATALOG_COMPILER_GLOBAL_ACCENT_COLOR_NAME = AccentColor;
				CODE_SIGN_ENTITLEMENTS = PrinterApp/PrinterApp.entitlements;
				CODE_SIGN_STYLE = Automatic;
				CURRENT_PROJECT_VERSION = 1;
				DEVELOPMENT_ASSET_PATHS = "\"PrinterApp/Preview Content\"";
				DEVELOPMENT_TEAM = 794A7PJ53M;
				ENABLE_PREVIEWS = YES;
				GENERATE_INFOPLIST_FILE = YES;
				INFOPLIST_FILE = PrinterApp/Info.plist;
				INFOPLIST_KEY_LSApplicationCategoryType = "";
				INFOPLIST_KEY_NSCameraUsageDescription = "The app needs camera access to skan ";
				INFOPLIST_KEY_NSFileProviderDomainUsageDescription = cfccf;
				INFOPLIST_KEY_NSFileProviderPresenceUsageDescription = "The app needs acess to choode files";
				INFOPLIST_KEY_NSPhotoLibraryUsageDescription = "Give access to photo library";
				INFOPLIST_KEY_UIApplicationSceneManifest_Generation = YES;
				INFOPLIST_KEY_UIApplicationSupportsIndirectInputEvents = YES;
				INFOPLIST_KEY_UILaunchScreen_Generation = YES;
				INFOPLIST_KEY_UISupportedInterfaceOrientations = UIInterfaceOrientationPortrait;
				LD_RUNPATH_SEARCH_PATHS = (
					"$(inherited)",
					"@executable_path/Frameworks",
				);
				MARKETING_VERSION = 1.0;
				PRODUCT_BUNDLE_IDENTIFIER = ua.PrinterApp;
				PRODUCT_NAME = "$(TARGET_NAME)";
				SWIFT_EMIT_LOC_STRINGS = YES;
				SWIFT_VERSION = 5.0;
				TARGETED_DEVICE_FAMILY = "1,2";
			};
			name = Release;
		};
/* End XCBuildConfiguration section */

/* Begin XCConfigurationList section */
		20E9F89E2BA0B4C9001A8785 /* Build configuration list for PBXProject "PrinterApp" */ = {
			isa = XCConfigurationList;
			buildConfigurations = (
				20E9F8AF2BA0B4CB001A8785 /* Debug */,
				20E9F8B02BA0B4CB001A8785 /* Release */,
			);
			defaultConfigurationIsVisible = 0;
			defaultConfigurationName = Release;
		};
		20E9F8B12BA0B4CB001A8785 /* Build configuration list for PBXNativeTarget "PrinterApp" */ = {
			isa = XCConfigurationList;
			buildConfigurations = (
				20E9F8B22BA0B4CB001A8785 /* Debug */,
				20E9F8B32BA0B4CB001A8785 /* Release */,
			);
			defaultConfigurationIsVisible = 0;
			defaultConfigurationName = Release;
		};
/* End XCConfigurationList section */
	};
	rootObject = 20E9F89B2BA0B4C9001A8785 /* Project object */;
}
